<?xml version="1.0" encoding="utf-8"?>
<Project ToolsVersion="4.0" xmlns="http://schemas.microsoft.com/developer/msbuild/2003">
  <ItemGroup>
    <Filter Include="Source Files">
      <UniqueIdentifier>{4FC737F1-C7A5-4376-A066-2A32D752A2FF}</UniqueIdentifier>
      <Extensions>cpp;c;cc;cxx;c++;cppm;ixx;def;odl;idl;hpj;bat;asm;asmx</Extensions>
    </Filter>
    <Filter Include="Header Files">
      <UniqueIdentifier>{93995380-89BD-4b04-88EB-625FBE52EBFB}</UniqueIdentifier>
      <Extensions>h;hh;hpp;hxx;h++;hm;inl;inc;ipp;xsd</Extensions>
    </Filter>
    <Filter Include="Resource Files">
      <UniqueIdentifier>{67DA6AB6-F800-4c08-8B7A-83BB121AAD01}</UniqueIdentifier>
      <Extensions>rc;ico;cur;bmp;dlg;rc2;rct;bin;rgs;gif;jpg;jpeg;jpe;resx;tiff;tif;png;wav;mfcribbon-ms</Extensions>
    </Filter>
    <Filter Include="Source Files\ARM7">
      <UniqueIdentifier>{222dffba-9ed3-4e86-8833-4316d47c1a3c}</UniqueIdentifier>
    </Filter>
    <Filter Include="Source Files\ARM9">
      <UniqueIdentifier>{d7598a71-0647-4614-80fd-a67785ce7a20}</UniqueIdentifier>
    </Filter>
    <Filter Include="Header Files\ARM">
      <UniqueIdentifier>{2420ea6d-2723-4fc5-90f6-6d24755eb9d1}</UniqueIdentifier>
    </Filter>
    <Filter Include="Header Files\Shaders">
      <UniqueIdentifier>{f769ae76-ca15-4c7e-b17e-0bf896391ab4}</UniqueIdentifier>
    </Filter>
  </ItemGroup>
  <ItemGroup>
    <ClCompile Include="main.cpp">
      <Filter>Source Files</Filter>
    </ClCompile>
    <ClCompile Include="Logger.cpp">
      <Filter>Source Files</Filter>
    </ClCompile>
    <ClCompile Include="Bus.cpp">
      <Filter>Source Files</Filter>
    </ClCompile>
    <ClCompile Include="ARM7\ARM7_ARMOps.cpp">
      <Filter>Source Files\ARM7</Filter>
    </ClCompile>
    <ClCompile Include="ARM7\ARM7_BarrelShifter.cpp">
      <Filter>Source Files\ARM7</Filter>
    </ClCompile>
    <ClCompile Include="ARM7\ARM7_Flags.cpp">
      <Filter>Source Files\ARM7</Filter>
    </ClCompile>
    <ClCompile Include="ARM7\ARM7_ThumbOps.cpp">
      <Filter>Source Files\ARM7</Filter>
    </ClCompile>
    <ClCompile Include="ARM7\ARM7TDMI.cpp">
      <Filter>Source Files\ARM7</Filter>
    </ClCompile>
    <ClCompile Include="ARM9\ARM9_ARMOps.cpp">
      <Filter>Source Files\ARM9</Filter>
    </ClCompile>
    <ClCompile Include="ARM9\ARM9_BarrelShifter.cpp">
      <Filter>Source Files\ARM9</Filter>
    </ClCompile>
    <ClCompile Include="ARM9\ARM9_Flags.cpp">
      <Filter>Source Files\ARM9</Filter>
    </ClCompile>
    <ClCompile Include="ARM9\ARM9_ThumbOps.cpp">
      <Filter>Source Files\ARM9</Filter>
    </ClCompile>
    <ClCompile Include="ARM9\ARM946E.cpp">
      <Filter>Source Files\ARM9</Filter>
    </ClCompile>
    <ClCompile Include="NDS.cpp">
      <Filter>Source Files</Filter>
    </ClCompile>
    <ClCompile Include="Scheduler.cpp">
      <Filter>Source Files</Filter>
    </ClCompile>
    <ClCompile Include="PPU.cpp">
      <Filter>Source Files</Filter>
    </ClCompile>
    <ClCompile Include="Display.cpp">
      <Filter>Source Files</Filter>
    </ClCompile>
    <ClCompile Include="Input.cpp">
      <Filter>Source Files</Filter>
    </ClCompile>
  </ItemGroup>
  <ItemGroup>
    <ClInclude Include="Logger.h">
      <Filter>Header Files</Filter>
    </ClInclude>
    <ClInclude Include="Bus.h">
      <Filter>Header Files</Filter>
    </ClInclude>
    <ClInclude Include="NDSMem.h">
      <Filter>Header Files</Filter>
    </ClInclude>
    <ClInclude Include="InterruptManager.h">
      <Filter>Header Files</Filter>
    </ClInclude>
    <ClInclude Include="Scheduler.h">
      <Filter>Header Files</Filter>
    </ClInclude>
    <ClInclude Include="ARM7\ARM7TDMI.h">
      <Filter>Header Files\ARM</Filter>
    </ClInclude>
    <ClInclude Include="ARM9\ARM946E.h">
      <Filter>Header Files\ARM</Filter>
    </ClInclude>
    <ClInclude Include="NDS.h">
      <Filter>Header Files</Filter>
    </ClInclude>
    <ClInclude Include="PPU.h">
      <Filter>Header Files</Filter>
    </ClInclude>
    <ClInclude Include="Display.h">
      <Filter>Header Files</Filter>
    </ClInclude>
    <ClInclude Include="Shaders\vertex.h">
      <Filter>Header Files\Shaders</Filter>
    </ClInclude>
    <ClInclude Include="Shaders\fragment.h">
      <Filter>Header Files\Shaders</Filter>
    </ClInclude>
    <ClInclude Include="Input.h">
      <Filter>Header Files</Filter>
    </ClInclude>
  </ItemGroup>
</Project>